
Microsoft Visual Studio Solution File, Format Version 12.00
# Visual Studio Version 16
VisualStudioVersion = 16.0.29709.97
MinimumVisualStudioVersion = 10.0.40219.1
Project("{9A19103F-16F7-4668-BE54-9A1E7A4F7556}") = "CodeAnalyzer", "CodeAnalyzer\CodeAnalyzer\CodeAnalyzer.csproj", "{32836563-3004-40B7-B021-DE331DEB40A3}"
EndProject
Project("{9A19103F-16F7-4668-BE54-9A1E7A4F7556}") = "CodeAnalyzer.Test", "CodeAnalyzer\CodeAnalyzer.Test\CodeAnalyzer.Test.csproj", "{595EFB4B-863D-4BF1-B015-E77DA189EB0F}"
EndProject
Project("{FAE04EC0-301F-11D3-BF4B-00C04F79EFBC}") = "CodeAnalyzer.Vsix", "CodeAnalyzer\CodeAnalyzer.Vsix\CodeAnalyzer.Vsix.csproj", "{7BF73BF2-CAF3-4A25-BEF4-D7E03B5946F9}"
EndProject
Project("{2150E333-8FDC-42A3-9474-1A3956D46DE8}") = "Solution Items", "Solution Items", "{00445175-28E0-494D-9A51-43E63C29FF0E}"
	ProjectSection(SolutionItems) = preProject
		.editorconfig = .editorconfig
	EndProjectSection
EndProject
Project("{FAE04EC0-301F-11D3-BF4B-00C04F79EFBC}") = "CodeGeneration", "CodeGeneration\CodeGeneration.csproj", "{5E53BB43-B669-4B3D-9F7F-280D0313E781}"
EndProject
Global
	GlobalSection(SolutionConfigurationPlatforms) = preSolution
		Debug|Any CPU = Debug|Any CPU
		Release|Any CPU = Release|Any CPU
	EndGlobalSection
	GlobalSection(ProjectConfigurationPlatforms) = postSolution
		{32836563-3004-40B7-B021-DE331DEB40A3}.Debug|Any CPU.ActiveCfg = Debug|Any CPU
		{32836563-3004-40B7-B021-DE331DEB40A3}.Debug|Any CPU.Build.0 = Debug|Any CPU
		{32836563-3004-40B7-B021-DE331DEB40A3}.Release|Any CPU.ActiveCfg = Release|Any CPU
		{32836563-3004-40B7-B021-DE331DEB40A3}.Release|Any CPU.Build.0 = Release|Any CPU
		{595EFB4B-863D-4BF1-B015-E77DA189EB0F}.Debug|Any CPU.ActiveCfg = Debug|Any CPU
		{595EFB4B-863D-4BF1-B015-E77DA189EB0F}.Debug|Any CPU.Build.0 = Debug|Any CPU
		{595EFB4B-863D-4BF1-B015-E77DA189EB0F}.Release|Any CPU.ActiveCfg = Release|Any CPU
		{595EFB4B-863D-4BF1-B015-E77DA189EB0F}.Release|Any CPU.Build.0 = Release|Any CPU
		{7BF73BF2-CAF3-4A25-BEF4-D7E03B5946F9}.Debug|Any CPU.ActiveCfg = Debug|Any CPU
		{7BF73BF2-CAF3-4A25-BEF4-D7E03B5946F9}.Debug|Any CPU.Build.0 = Debug|Any CPU
		{7BF73BF2-CAF3-4A25-BEF4-D7E03B5946F9}.Release|Any CPU.ActiveCfg = Release|Any CPU
		{7BF73BF2-CAF3-4A25-BEF4-D7E03B5946F9}.Release|Any CPU.Build.0 = Release|Any CPU
		{5E53BB43-B669-4B3D-9F7F-280D0313E781}.Debug|Any CPU.ActiveCfg = Debug|Any CPU
		{5E53BB43-B669-4B3D-9F7F-280D0313E781}.Debug|Any CPU.Build.0 = Debug|Any CPU
		{5E53BB43-B669-4B3D-9F7F-280D0313E781}.Release|Any CPU.ActiveCfg = Release|Any CPU
		{5E53BB43-B669-4B3D-9F7F-280D0313E781}.Release|Any CPU.Build.0 = Release|Any CPU
	EndGlobalSection
	GlobalSection(SolutionProperties) = preSolution
		HideSolutionNode = FALSE
	EndGlobalSection
	GlobalSection(ExtensibilityGlobals) = postSolution
		SolutionGuid = {1AD439A0-0017-4881-9D73-1EE889D83339}
	EndGlobalSection
EndGlobal
